
Microsoft Visual Studio Solution File, Format Version 12.00
# Visual Studio Version 17
VisualStudioVersion = 17.4.33205.214
MinimumVisualStudioVersion = 10.0.40219.1
Project("{FAE04EC0-301F-11D3-BF4B-00C04F79EFBC}") = "EkipUygulamasi", "EkipUygulamasi.csproj", "{3FC89499-D989-4BFC-BC2A-0AB704387925}"
EndProject
Project("{FAE04EC0-301F-11D3-BF4B-00C04F79EFBC}") = "OperatorUygulamasi", "..\OperatorUygulamasi\OperatorUygulamasi.csproj", "{2CA0C265-0D35-44D3-BA6D-83B73C3E7B55}"
EndProject
Project("{FAE04EC0-301F-11D3-BF4B-00C04F79EFBC}") = "AcilYardimVeritabani", "..\AcilYardimVeritabani\AcilYardimVeritabani.csproj", "{BF7A1167-8FB0-4132-A18A-0857FF9459A4}"
EndProject
Global
	GlobalSection(SolutionConfigurationPlatforms) = preSolution
		Debug|Any CPU = Debug|Any CPU
		Release|Any CPU = Release|Any CPU
	EndGlobalSection
	GlobalSection(ProjectConfigurationPlatforms) = postSolution
		{3FC89499-D989-4BFC-BC2A-0AB704387925}.Debug|Any CPU.ActiveCfg = Debug|Any CPU
		{3FC89499-D989-4BFC-BC2A-0AB704387925}.Debug|Any CPU.Build.0 = Debug|Any CPU
		{3FC89499-D989-4BFC-BC2A-0AB704387925}.Release|Any CPU.ActiveCfg = Release|Any CPU
		{3FC89499-D989-4BFC-BC2A-0AB704387925}.Release|Any CPU.Build.0 = Release|Any CPU
		{2CA0C265-0D35-44D3-BA6D-83B73C3E7B55}.Debug|Any CPU.ActiveCfg = Debug|Any CPU
		{2CA0C265-0D35-44D3-BA6D-83B73C3E7B55}.Debug|Any CPU.Build.0 = Debug|Any CPU
		{2CA0C265-0D35-44D3-BA6D-83B73C3E7B55}.Release|Any CPU.ActiveCfg = Release|Any CPU
		{2CA0C265-0D35-44D3-BA6D-83B73C3E7B55}.Release|Any CPU.Build.0 = Release|Any CPU
		{BF7A1167-8FB0-4132-A18A-0857FF9459A4}.Debug|Any CPU.ActiveCfg = Debug|Any CPU
		{BF7A1167-8FB0-4132-A18A-0857FF9459A4}.Debug|Any CPU.Build.0 = Debug|Any CPU
		{BF7A1167-8FB0-4132-A18A-0857FF9459A4}.Release|Any CPU.ActiveCfg = Release|Any CPU
		{BF7A1167-8FB0-4132-A18A-0857FF9459A4}.Release|Any CPU.Build.0 = Release|Any CPU
	EndGlobalSection
	GlobalSection(SolutionProperties) = preSolution
		HideSolutionNode = FALSE
	EndGlobalSection
	GlobalSection(ExtensibilityGlobals) = postSolution
		SolutionGuid = {1746E680-3AF5-4D41-ABEC-64EB34B6E7F7}
	EndGlobalSection
EndGlobal
